
Microsoft Visual Studio Solution File, Format Version 12.00
# Visual Studio Version 16
VisualStudioVersion = 16.0.29920.165
MinimumVisualStudioVersion = 10.0.40219.1
Project("{FAE04EC0-301F-11D3-BF4B-00C04F79EFBC}") = "ConsoleNLogAppInsightDemo", "ConsoleNLogAppInsightDemo\ConsoleNLogAppInsightDemo.csproj", "{03A46F12-E8AF-4FE9-85D0-C29B95CE62DB}"
EndProject
Project("{FAE04EC0-301F-11D3-BF4B-00C04F79EFBC}") = "ConsoleNLogAppInsightDemo.MyDotNetClassLibrary", "MyDotNetClassLibrary\ConsoleNLogAppInsightDemo.MyDotNetClassLibrary.csproj", "{76858C8F-E3FB-4FD9-9711-7C62F2FA5AA9}"
EndProject
Global
	GlobalSection(SolutionConfigurationPlatforms) = preSolution
		Debug|Any CPU = Debug|Any CPU
		Release|Any CPU = Release|Any CPU
	EndGlobalSection
	GlobalSection(ProjectConfigurationPlatforms) = postSolution
		{03A46F12-E8AF-4FE9-85D0-C29B95CE62DB}.Debug|Any CPU.ActiveCfg = Debug|Any CPU
		{03A46F12-E8AF-4FE9-85D0-C29B95CE62DB}.Debug|Any CPU.Build.0 = Debug|Any CPU
		{03A46F12-E8AF-4FE9-85D0-C29B95CE62DB}.Release|Any CPU.ActiveCfg = Release|Any CPU
		{03A46F12-E8AF-4FE9-85D0-C29B95CE62DB}.Release|Any CPU.Build.0 = Release|Any CPU
		{76858C8F-E3FB-4FD9-9711-7C62F2FA5AA9}.Debug|Any CPU.ActiveCfg = Debug|Any CPU
		{76858C8F-E3FB-4FD9-9711-7C62F2FA5AA9}.Debug|Any CPU.Build.0 = Debug|Any CPU
		{76858C8F-E3FB-4FD9-9711-7C62F2FA5AA9}.Release|Any CPU.ActiveCfg = Release|Any CPU
		{76858C8F-E3FB-4FD9-9711-7C62F2FA5AA9}.Release|Any CPU.Build.0 = Release|Any CPU
	EndGlobalSection
	GlobalSection(SolutionProperties) = preSolution
		HideSolutionNode = FALSE
	EndGlobalSection
	GlobalSection(ExtensibilityGlobals) = postSolution
		SolutionGuid = {0F8C689D-588B-4E44-B0D1-063BB907ECC9}
	EndGlobalSection
EndGlobal
